
Microsoft Visual Studio Solution File, Format Version 12.00
# Visual Studio Version 17
VisualStudioVersion = 17.13.35919.96 d17.13
MinimumVisualStudioVersion = 10.0.40219.1
Project("{FAE04EC0-301F-11D3-BF4B-00C04F79EFBC}") = "NexusPDF", "NexusPDF\NexusPDF.csproj", "{B7045FB9-48A7-444C-9C6D-D2ADF3048399}"
EndProject
Global
	GlobalSection(SolutionConfigurationPlatforms) = preSolution
		Debug|Any CPU = Debug|Any CPU
		Release|Any CPU = Release|Any CPU
	EndGlobalSection
	GlobalSection(ProjectConfigurationPlatforms) = postSolution
		{B7045FB9-48A7-444C-9C6D-D2ADF3048399}.Debug|Any CPU.ActiveCfg = Debug|Any CPU
		{B7045FB9-48A7-444C-9C6D-D2ADF3048399}.Debug|Any CPU.Build.0 = Debug|Any CPU
		{B7045FB9-48A7-444C-9C6D-D2ADF3048399}.Release|Any CPU.ActiveCfg = Release|Any CPU
		{B7045FB9-48A7-444C-9C6D-D2ADF3048399}.Release|Any CPU.Build.0 = Release|Any CPU
	EndGlobalSection
	GlobalSection(SolutionProperties) = preSolution
		HideSolutionNode = FALSE
	EndGlobalSection
	GlobalSection(ExtensibilityGlobals) = postSolution
		SolutionGuid = {0A46C0F1-8C94-43A0-AF29-97944DF9C9B5}
	EndGlobalSection
EndGlobal
